
Microsoft Visual Studio Solution File, Format Version 12.00
# Visual Studio Version 17
VisualStudioVersion = 17.5.33516.290
MinimumVisualStudioVersion = 10.0.40219.1
Project("{FAE04EC0-301F-11D3-BF4B-00C04F79EFBC}") = "Game Theory - Axelrod Tournament", "Game Theory - Axelrod Tournament.csproj", "{EF48B35E-00DB-43BE-B7BD-8DDA3EB5627D}"
EndProject
Global
	GlobalSection(SolutionConfigurationPlatforms) = preSolution
		Debug|Any CPU = Debug|Any CPU
		Release|Any CPU = Release|Any CPU
	EndGlobalSection
	GlobalSection(ProjectConfigurationPlatforms) = postSolution
		{EF48B35E-00DB-43BE-B7BD-8DDA3EB5627D}.Debug|Any CPU.ActiveCfg = Debug|Any CPU
		{EF48B35E-00DB-43BE-B7BD-8DDA3EB5627D}.Debug|Any CPU.Build.0 = Debug|Any CPU
		{EF48B35E-00DB-43BE-B7BD-8DDA3EB5627D}.Release|Any CPU.ActiveCfg = Release|Any CPU
		{EF48B35E-00DB-43BE-B7BD-8DDA3EB5627D}.Release|Any CPU.Build.0 = Release|Any CPU
	EndGlobalSection
	GlobalSection(SolutionProperties) = preSolution
		HideSolutionNode = FALSE
	EndGlobalSection
	GlobalSection(ExtensibilityGlobals) = postSolution
		SolutionGuid = {B2649B8F-1675-4515-9DD9-734FC76B3F31}
	EndGlobalSection
EndGlobal
